
Microsoft Visual Studio Solution File, Format Version 12.00
# Visual Studio Version 16
VisualStudioVersion = 16.0.31112.23
MinimumVisualStudioVersion = 10.0.40219.1
Project("{FAE04EC0-301F-11D3-BF4B-00C04F79EFBC}") = "map", "map\map.csproj", "{CC0276B5-23F0-414E-BE27-034686E28C15}"
EndProject
Global
	GlobalSection(SolutionConfigurationPlatforms) = preSolution
		Debug|Any CPU = Debug|Any CPU
		Release|Any CPU = Release|Any CPU
	EndGlobalSection
	GlobalSection(ProjectConfigurationPlatforms) = postSolution
		{CC0276B5-23F0-414E-BE27-034686E28C15}.Debug|Any CPU.ActiveCfg = Debug|Any CPU
		{CC0276B5-23F0-414E-BE27-034686E28C15}.Debug|Any CPU.Build.0 = Debug|Any CPU
		{CC0276B5-23F0-414E-BE27-034686E28C15}.Release|Any CPU.ActiveCfg = Release|Any CPU
		{CC0276B5-23F0-414E-BE27-034686E28C15}.Release|Any CPU.Build.0 = Release|Any CPU
	EndGlobalSection
	GlobalSection(SolutionProperties) = preSolution
		HideSolutionNode = FALSE
	EndGlobalSection
	GlobalSection(ExtensibilityGlobals) = postSolution
		SolutionGuid = {BA6EFF91-7D2D-4829-9CF5-D40BB86AF271}
	EndGlobalSection
EndGlobal
